
Microsoft Visual Studio Solution File, Format Version 9.00
# Visual Studio 2005
Project("{8BC9CEB8-8B4A-11D0-8D11-00A0C91BC942}") = "example", "example.vcproj", "{65C5ED9A-0334-43FD-B885-A4C247B6EEE4}"
	ProjectSection(ProjectDependencies) = postProject
		{D47B7537-6BD0-41C0-B6B5-314C925D0C5E} = {D47B7537-6BD0-41C0-B6B5-314C925D0C5E}
	EndProjectSection
EndProject
Project("{8BC9CEB8-8B4A-11D0-8D11-00A0C91BC942}") = "minigzip", "minigzip.vcproj", "{28A3A531-228F-4E81-9604-BBAD593FAA81}"
	ProjectSection(ProjectDependencies) = postProject
		{D47B7537-6BD0-41C0-B6B5-314C925D0C5E} = {D47B7537-6BD0-41C0-B6B5-314C925D0C5E}
	EndProjectSection
EndProject
Project("{8BC9CEB8-8B4A-11D0-8D11-00A0C91BC942}") = "zlib", "zlib.vcproj", "{D47B7537-6BD0-41C0-B6B5-314C925D0C5E}"
EndProject
Global
	GlobalSection(SolutionConfigurationPlatforms) = preSolution
		DLL ASM Debug|Win32 = DLL ASM Debug|Win32
		DLL ASM Release|Win32 = DLL ASM Release|Win32
		DLL Debug|Win32 = DLL Debug|Win32
		DLL Release|Win32 = DLL Release|Win32
		LIB ASM Debug|Win32 = LIB ASM Debug|Win32
		LIB ASM Release|Win32 = LIB ASM Release|Win32
		LIB Debug|Win32 = LIB Debug|Win32
		LIB Release|Win32 = LIB Release|Win32
	EndGlobalSection
	GlobalSection(ProjectConfigurationPlatforms) = postSolution
		{65C5ED9A-0334-43FD-B885-A4C247B6EEE4}.DLL ASM Debug|Win32.ActiveCfg = DLL ASM Debug|Win32
		{65C5ED9A-0334-43FD-B885-A4C247B6EEE4}.DLL ASM Debug|Win32.Build.0 = DLL ASM Debug|Win32
		{65C5ED9A-0334-43FD-B885-A4C247B6EEE4}.DLL ASM Release|Win32.ActiveCfg = DLL ASM Release|Win32
		{65C5ED9A-0334-43FD-B885-A4C247B6EEE4}.DLL ASM Release|Win32.Build.0 = DLL ASM Release|Win32
		{65C5ED9A-0334-43FD-B885-A4C247B6EEE4}.DLL Debug|Win32.ActiveCfg = DLL Debug|Win32
		{65C5ED9A-0334-43FD-B885-A4C247B6EEE4}.DLL Debug|Win32.Build.0 = DLL Debug|Win32
		{65C5ED9A-0334-43FD-B885-A4C247B6EEE4}.DLL Release|Win32.ActiveCfg = DLL Release|Win32
		{65C5ED9A-0334-43FD-B885-A4C247B6EEE4}.DLL Release|Win32.Build.0 = DLL Release|Win32
		{65C5ED9A-0334-43FD-B885-A4C247B6EEE4}.LIB ASM Debug|Win32.ActiveCfg = LIB ASM Debug|Win32
		{65C5ED9A-0334-43FD-B885-A4C247B6EEE4}.LIB ASM Debug|Win32.Build.0 = LIB ASM Debug|Win32
		{65C5ED9A-0334-43FD-B885-A4C247B6EEE4}.LIB ASM Release|Win32.ActiveCfg = LIB ASM Release|Win32
		{65C5ED9A-0334-43FD-B885-A4C247B6EEE4}.LIB ASM Release|Win32.Build.0 = LIB ASM Release|Win32
		{65C5ED9A-0334-43FD-B885-A4C247B6EEE4}.LIB Debug|Win32.ActiveCfg = LIB Debug|Win32
		{65C5ED9A-0334-43FD-B885-A4C247B6EEE4}.LIB Debug|Win32.Build.0 = LIB Debug|Win32
		{65C5ED9A-0334-43FD-B885-A4C247B6EEE4}.LIB Release|Win32.ActiveCfg = LIB Release|Win32
		{65C5ED9A-0334-43FD-B885-A4C247B6EEE4}.LIB Release|Win32.Build.0 = LIB Release|Win32
		{28A3A531-228F-4E81-9604-BBAD593FAA81}.DLL ASM Debug|Win32.ActiveCfg = DLL ASM Debug|Win32
		{28A3A531-228F-4E81-9604-BBAD593FAA81}.DLL ASM Debug|Win32.Build.0 = DLL ASM Debug|Win32
		{28A3A531-228F-4E81-9604-BBAD593FAA81}.DLL ASM Release|Win32.ActiveCfg = DLL ASM Release|Win32
		{28A3A531-228F-4E81-9604-BBAD593FAA81}.DLL ASM Release|Win32.Build.0 = DLL ASM Release|Win32
		{28A3A531-228F-4E81-9604-BBAD593FAA81}.DLL Debug|Win32.ActiveCfg = DLL Debug|Win32
		{28A3A531-228F-4E81-9604-BBAD593FAA81}.DLL Debug|Win32.Build.0 = DLL Debug|Win32
		{28A3A531-228F-4E81-9604-BBAD593FAA81}.DLL Release|Win32.ActiveCfg = DLL Release|Win32
		{28A3A531-228F-4E81-9604-BBAD593FAA81}.DLL Release|Win32.Build.0 = DLL Release|Win32
		{28A3A531-228F-4E81-9604-BBAD593FAA81}.LIB ASM Debug|Win32.ActiveCfg = LIB ASM Debug|Win32
		{28A3A531-228F-4E81-9604-BBAD593FAA81}.LIB ASM Debug|Win32.Build.0 = LIB ASM Debug|Win32
		{28A3A531-228F-4E81-9604-BBAD593FAA81}.LIB ASM Release|Win32.ActiveCfg = LIB ASM Release|Win32
		{28A3A531-228F-4E81-9604-BBAD593FAA81}.LIB ASM Release|Win32.Build.0 = LIB ASM Release|Win32
		{28A3A531-228F-4E81-9604-BBAD593FAA81}.LIB Debug|Win32.ActiveCfg = LIB Debug|Win32
		{28A3A531-228F-4E81-9604-BBAD593FAA81}.LIB Debug|Win32.Build.0 = LIB Debug|Win32
		{28A3A531-228F-4E81-9604-BBAD593FAA81}.LIB Release|Win32.ActiveCfg = LIB Release|Win32
		{28A3A531-228F-4E81-9604-BBAD593FAA81}.LIB Release|Win32.Build.0 = LIB Release|Win32
		{D47B7537-6BD0-41C0-B6B5-314C925D0C5E}.DLL ASM Debug|Win32.ActiveCfg = DLL ASM Debug|Win32
		{D47B7537-6BD0-41C0-B6B5-314C925D0C5E}.DLL ASM Debug|Win32.Build.0 = DLL ASM Debug|Win32
		{D47B7537-6BD0-41C0-B6B5-314C925D0C5E}.DLL ASM Release|Win32.ActiveCfg = DLL ASM Release|Win32
		{D47B7537-6BD0-41C0-B6B5-314C925D0C5E}.DLL ASM Release|Win32.Build.0 = DLL ASM Release|Win32
		{D47B7537-6BD0-41C0-B6B5-314C925D0C5E}.DLL Debug|Win32.ActiveCfg = DLL Debug|Win32
		{D47B7537-6BD0-41C0-B6B5-314C925D0C5E}.DLL Debug|Win32.Build.0 = DLL Debug|Win32
		{D47B7537-6BD0-41C0-B6B5-314C925D0C5E}.DLL Release|Win32.ActiveCfg = DLL Release|Win32
		{D47B7537-6BD0-41C0-B6B5-314C925D0C5E}.DLL Release|Win32.Build.0 = DLL Release|Win32
		{D47B7537-6BD0-41C0-B6B5-314C925D0C5E}.LIB ASM Debug|Win32.ActiveCfg = LIB ASM Debug|Win32
		{D47B7537-6BD0-41C0-B6B5-314C925D0C5E}.LIB ASM Debug|Win32.Build.0 = LIB ASM Debug|Win32
		{D47B7537-6BD0-41C0-B6B5-314C925D0C5E}.LIB ASM Release|Win32.ActiveCfg = LIB ASM Release|Win32
		{D47B7537-6BD0-41C0-B6B5-314C925D0C5E}.LIB ASM Release|Win32.Build.0 = LIB ASM Release|Win32
		{D47B7537-6BD0-41C0-B6B5-314C925D0C5E}.LIB Debug|Win32.ActiveCfg = LIB Debug|Win32
		{D47B7537-6BD0-41C0-B6B5-314C925D0C5E}.LIB Debug|Win32.Build.0 = LIB Debug|Win32
		{D47B7537-6BD0-41C0-B6B5-314C925D0C5E}.LIB Release|Win32.ActiveCfg = LIB Release|Win32
		{D47B7537-6BD0-41C0-B6B5-314C925D0C5E}.LIB Release|Win32.Build.0 = LIB Release|Win32
	EndGlobalSection
	GlobalSection(SolutionProperties) = preSolution
		HideSolutionNode = FALSE
	EndGlobalSection
EndGlobal
